
Microsoft Visual Studio Solution File, Format Version 12.00
# Visual Studio 15
VisualStudioVersion = 15.0.28307.1062
MinimumVisualStudioVersion = 10.0.40219.1
Project("{FAE04EC0-301F-11D3-BF4B-00C04F79EFBC}") = "StaffDepartment", "StaffDepartment\StaffDepartment.csproj", "{92A4A0DE-719B-4C7F-B511-D550F53B7F60}"
EndProject
Global
	GlobalSection(SolutionConfigurationPlatforms) = preSolution
		Debug|Any CPU = Debug|Any CPU
		Release|Any CPU = Release|Any CPU
	EndGlobalSection
	GlobalSection(ProjectConfigurationPlatforms) = postSolution
		{92A4A0DE-719B-4C7F-B511-D550F53B7F60}.Debug|Any CPU.ActiveCfg = Debug|Any CPU
		{92A4A0DE-719B-4C7F-B511-D550F53B7F60}.Debug|Any CPU.Build.0 = Debug|Any CPU
		{92A4A0DE-719B-4C7F-B511-D550F53B7F60}.Release|Any CPU.ActiveCfg = Release|Any CPU
		{92A4A0DE-719B-4C7F-B511-D550F53B7F60}.Release|Any CPU.Build.0 = Release|Any CPU
	EndGlobalSection
	GlobalSection(SolutionProperties) = preSolution
		HideSolutionNode = FALSE
	EndGlobalSection
	GlobalSection(ExtensibilityGlobals) = postSolution
		SolutionGuid = {0FEB32A8-CA1C-439D-A8A1-96BCC68E9229}
	EndGlobalSection
EndGlobal
